// !$*UTF8*$!
{
	archiveVersion = 1;
	classes = {
	};
	objectVersion = 50;
	objects = {

/* Begin PBXBuildFile section */
		FBFEB2A4244215CB00B4326D /* AppDelegate.swift in Sources */ = {isa = PBXBuildFile; fileRef = FBFEB2A3244215CB00B4326D /* AppDelegate.swift */; };
		FBFEB2A6244215CB00B4326D /* SceneDelegate.swift in Sources */ = {isa = PBXBuildFile; fileRef = FBFEB2A5244215CB00B4326D /* SceneDelegate.swift */; };
		FBFEB2A8244215CB00B4326D /* ViewController.swift in Sources */ = {isa = PBXBuildFile; fileRef = FBFEB2A7244215CB00B4326D /* ViewController.swift */; };
		FBFEB2AB244215CB00B4326D /* Main.storyboard in Resources */ = {isa = PBXBuildFile; fileRef = FBFEB2A9244215CB00B4326D /* Main.storyboard */; };
		FBFEB2AD244215CD00B4326D /* Assets.xcassets in Resources */ = {isa = PBXBuildFile; fileRef = FBFEB2AC244215CD00B4326D /* Assets.xcassets */; };
		FBFEB2B0244215CD00B4326D /* LaunchScreen.storyboard in Resources */ = {isa = PBXBuildFile; fileRef = FBFEB2AE244215CD00B4326D /* LaunchScreen.storyboard */; };
		FBFEB2B82442196A00B4326D /* WorkoutViewController.swift in Sources */ = {isa = PBXBuildFile; fileRef = FBFEB2B72442196A00B4326D /* WorkoutViewController.swift */; };
		FBFEB2BA24421AF500B4326D /* RoundButtonData.swift in Sources */ = {isa = PBXBuildFile; fileRef = FBFEB2B924421AF500B4326D /* RoundButtonData.swift */; };
/* End PBXBuildFile section */

/* Begin PBXFileReference section */
		FBFEB2A0244215CB00B4326D /* Your Body Workout.app */ = {isa = PBXFileReference; explicitFileType = wrapper.application; includeInIndex = 0; path = "Your Body Workout.app"; sourceTree = BUILT_PRODUCTS_DIR; };
		FBFEB2A3244215CB00B4326D /* AppDelegate.swift */ = {isa = PBXFileReference; lastKnownFileType = sourcecode.swift; path = AppDelegate.swift; sourceTree = "<group>"; };
		FBFEB2A5244215CB00B4326D /* SceneDelegate.swift */ = {isa = PBXFileReference; lastKnownFileType = sourcecode.swift; path = SceneDelegate.swift; sourceTree = "<group>"; };
		FBFEB2A7244215CB00B4326D /* ViewController.swift */ = {isa = PBXFileReference; lastKnownFileType = sourcecode.swift; path = ViewController.swift; sourceTree = "<group>"; };
		FBFEB2AA244215CB00B4326D /* Base */ = {isa = PBXFileReference; lastKnownFileType = file.storyboard; name = Base; path = Base.lproj/Main.storyboard; sourceTree = "<group>"; };
		FBFEB2AC244215CD00B4326D /* Assets.xcassets */ = {isa = PBXFileReference; lastKnownFileType = folder.assetcatalog; path = Assets.xcassets; sourceTree = "<group>"; };
		FBFEB2AF244215CD00B4326D /* Base */ = {isa = PBXFileReference; lastKnownFileType = file.storyboard; name = Base; path = Base.lproj/LaunchScreen.storyboard; sourceTree = "<group>"; };
		FBFEB2B1244215CD00B4326D /* Info.plist */ = {isa = PBXFileReference; lastKnownFileType = text.plist.xml; path = Info.plist; sourceTree = "<group>"; };
		FBFEB2B72442196A00B4326D /* WorkoutViewController.swift */ = {isa = PBXFileReference; lastKnownFileType = sourcecode.swift; path = WorkoutViewController.swift; sourceTree = "<group>"; };
		FBFEB2B924421AF500B4326D /* RoundButtonData.swift */ = {isa = PBXFileReference; lastKnownFileType = sourcecode.swift; path = RoundButtonData.swift; sourceTree = "<group>"; };
/* End PBXFileReference section */

/* Begin PBXFrameworksBuildPhase section */
		FBFEB29D244215CB00B4326D /* Frameworks */ = {
			isa = PBXFrameworksBuildPhase;
			buildActionMask = 2147483647;
			files = (
			);
			runOnlyForDeploymentPostprocessing = 0;
		};
/* End PBXFrameworksBuildPhase section */

/* Begin PBXGroup section */
		FBFEB297244215CB00B4326D = {
			isa = PBXGroup;
			children = (
				FBFEB2A2244215CB00B4326D /* Your Body Workout */,
				FBFEB2A1244215CB00B4326D /* Products */,
			);
			sourceTree = "<group>";
		};
		FBFEB2A1244215CB00B4326D /* Products */ = {
			isa = PBXGroup;
			children = (
				FBFEB2A0244215CB00B4326D /* Your Body Workout.app */,
			);
			name = Products;
			sourceTree = "<group>";
		};
		FBFEB2A2244215CB00B4326D /* Your Body Workout */ = {
			isa = PBXGroup;
			children = (
				FBFEB2A3244215CB00B4326D /* AppDelegate.swift */,
				FBFEB2A5244215CB00B4326D /* SceneDelegate.swift */,
				FBFEB2BD24421D4B00B4326D /* View */,
				FBFEB2BB24421AFF00B4326D /* Model */,
				FBFEB2BC24421D3E00B4326D /* Controllers */,
				FBFEB2AC244215CD00B4326D /* Assets.xcassets */,
				FBFEB2AE244215CD00B4326D /* LaunchScreen.storyboard */,
				FBFEB2B1244215CD00B4326D /* Info.plist */,
			);
			path = "Your Body Workout";
			sourceTree = "<group>";
		};
		FBFEB2BB24421AFF00B4326D /* Model */ = {
			isa = PBXGroup;
			children = (
				FBFEB2B924421AF500B4326D /* RoundButtonData.swift */,
			);
			path = Model;
			sourceTree = "<group>";
		};
		FBFEB2BC24421D3E00B4326D /* Controllers */ = {
			isa = PBXGroup;
			children = (
				FBFEB2A7244215CB00B4326D /* ViewController.swift */,
				FBFEB2B72442196A00B4326D /* WorkoutViewController.swift */,
			);
			path = Controllers;
			sourceTree = "<group>";
		};
		FBFEB2BD24421D4B00B4326D /* View */ = {
			isa = PBXGroup;
			children = (
				FBFEB2A9244215CB00B4326D /* Main.storyboard */,
			);
			path = View;
			sourceTree = "<group>";
		};
/* End PBXGroup section */

/* Begin PBXNativeTarget section */
		FBFEB29F244215CB00B4326D /* Your Body Workout */ = {
			isa = PBXNativeTarget;
			buildConfigurationList = FBFEB2B4244215CD00B4326D /* Build configuration list for PBXNativeTarget "Your Body Workout" */;
			buildPhases = (
				FBFEB29C244215CB00B4326D /* Sources */,
				FBFEB29D244215CB00B4326D /* Frameworks */,
				FBFEB29E244215CB00B4326D /* Resources */,
			);
			buildRules = (
			);
			dependencies = (
			);
			name = "Your Body Workout";
			productName = "Your Body Workout";
			productReference = FBFEB2A0244215CB00B4326D /* Your Body Workout.app */;
			productType = "com.apple.product-type.application";
		};
/* End PBXNativeTarget section */

/* Begin PBXProject section */
		FBFEB298244215CB00B4326D /* Project object */ = {
			isa = PBXProject;
			attributes = {
				LastSwiftUpdateCheck = 1140;
				LastUpgradeCheck = 1140;
				ORGANIZATIONNAME = "Jean martin Kyssama";
				TargetAttributes = {
					FBFEB29F244215CB00B4326D = {
						CreatedOnToolsVersion = 11.4;
					};
				};
			};
			buildConfigurationList = FBFEB29B244215CB00B4326D /* Build configuration list for PBXProject "Your Body Workout" */;
			compatibilityVersion = "Xcode 9.3";
			developmentRegion = en;
			hasScannedForEncodings = 0;
			knownRegions = (
				en,
				Base,
			);
			mainGroup = FBFEB297244215CB00B4326D;
			productRefGroup = FBFEB2A1244215CB00B4326D /* Products */;
			projectDirPath = "";
			projectRoot = "";
			targets = (
				FBFEB29F244215CB00B4326D /* Your Body Workout */,
			);
		};
/* End PBXProject section */

/* Begin PBXResourcesBuildPhase section */
		FBFEB29E244215CB00B4326D /* Resources */ = {
			isa = PBXResourcesBuildPhase;
			buildActionMask = 2147483647;
			files = (
				FBFEB2B0244215CD00B4326D /* LaunchScreen.storyboard in Resources */,
				FBFEB2AD244215CD00B4326D /* Assets.xcassets in Resources */,
				FBFEB2AB244215CB00B4326D /* Main.storyboard in Resources */,
			);
			runOnlyForDeploymentPostprocessing = 0;
		};
/* End PBXResourcesBuildPhase section */

/* Begin PBXSourcesBuildPhase section */
		FBFEB29C244215CB00B4326D /* Sources */ = {
			isa = PBXSourcesBuildPhase;
			buildActionMask = 2147483647;
			files = (
				FBFEB2B82442196A00B4326D /* WorkoutViewController.swift in Sources */,
				FBFEB2BA24421AF500B4326D /* RoundButtonData.swift in Sources */,
				FBFEB2A8244215CB00B4326D /* ViewController.swift in Sources */,
				FBFEB2A4244215CB00B4326D /* AppDelegate.swift in Sources */,
				FBFEB2A6244215CB00B4326D /* SceneDelegate.swift in Sources */,
			);
			runOnlyForDeploymentPostprocessing = 0;
		};
/* End PBXSourcesBuildPhase section */

/* Begin PBXVariantGroup section */
		FBFEB2A9244215CB00B4326D /* Main.storyboard */ = {
			isa = PBXVariantGroup;
			children = (
				FBFEB2AA244215CB00B4326D /* Base */,
			);
			name = Main.storyboard;
			sourceTree = "<group>";
		};
		FBFEB2AE244215CD00B4326D /* LaunchScreen.storyboard */ = {
			isa = PBXVariantGroup;
			children = (
				FBFEB2AF244215CD00B4326D /* Base */,
			);
			name = LaunchScreen.storyboard;
			sourceTree = "<group>";
		};
/* End PBXVariantGroup section */

/* Begin XCBuildConfiguration section */
		FBFEB2B2244215CD00B4326D /* Debug */ = {
			isa = XCBuildConfiguration;
			buildSettings = {
				ALWAYS_SEARCH_USER_PATHS = NO;
				CLANG_ANALYZER_NONNULL = YES;
				CLANG_ANALYZER_NUMBER_OBJECT_CONVERSION = YES_AGGRESSIVE;
				CLANG_CXX_LANGUAGE_STANDARD = "gnu++14";
				CLANG_CXX_LIBRARY = "libc++";
				CLANG_ENABLE_MODULES = YES;
				CLANG_ENABLE_OBJC_ARC = YES;
				CLANG_ENABLE_OBJC_WEAK = YES;
				CLANG_WARN_BLOCK_CAPTURE_AUTORELEASING = YES;
				CLANG_WARN_BOOL_CONVERSION = YES;
				CLANG_WARN_COMMA = YES;
				CLANG_WARN_CONSTANT_CONVERSION = YES;
				CLANG_WARN_DEPRECATED_OBJC_IMPLEMENTATIONS = YES;
				CLANG_WARN_DIRECT_OBJC_ISA_USAGE = YES_ERROR;
				CLANG_WARN_DOCUMENTATION_COMMENTS = YES;
				CLANG_WARN_EMPTY_BODY = YES;
				CLANG_WARN_ENUM_CONVERSION = YES;
				CLANG_WARN_INFINITE_RECURSION = YES;
				CLANG_WARN_INT_CONVERSION = YES;
				CLANG_WARN_NON_LITERAL_NULL_CONVERSION = YES;
				CLANG_WARN_OBJC_IMPLICIT_RETAIN_SELF = YES;
				CLANG_WARN_OBJC_LITERAL_CONVERSION = YES;
				CLANG_WARN_OBJC_ROOT_CLASS = YES_ERROR;
				CLANG_WARN_RANGE_LOOP_ANALYSIS = YES;
				CLANG_WARN_STRICT_PROTOTYPES = YES;
				CLANG_WARN_SUSPICIOUS_MOVE = YES;
				CLANG_WARN_UNGUARDED_AVAILABILITY = YES_AGGRESSIVE;
				CLANG_WARN_UNREACHABLE_CODE = YES;
				CLANG_WARN__DUPLICATE_METHOD_MATCH = YES;
				COPY_PHASE_STRIP = NO;
				DEBUG_INFORMATION_FORMAT = dwarf;
				ENABLE_STRICT_OBJC_MSGSEND = YES;
				ENABLE_TESTABILITY = YES;
				GCC_C_LANGUAGE_STANDARD = gnu11;
				GCC_DYNAMIC_NO_PIC = NO;
				GCC_NO_COMMON_BLOCKS = YES;
				GCC_OPTIMIZATION_LEVEL = 0;
				GCC_PREPROCESSOR_DEFINITIONS = (
					"DEBUG=1",
					"$(inherited)",
				);
				GCC_WARN_64_TO_32_BIT_CONVERSION = YES;
				GCC_WARN_ABOUT_RETURN_TYPE = YES_ERROR;
				GCC_WARN_UNDECLARED_SELECTOR = YES;
				GCC_WARN_UNINITIALIZED_AUTOS = YES_AGGRESSIVE;
				GCC_WARN_UNUSED_FUNCTION = YES;
				GCC_WARN_UNUSED_VARIABLE = YES;
				IPHONEOS_DEPLOYMENT_TARGET = 13.4;
				MTL_ENABLE_DEBUG_INFO = INCLUDE_SOURCE;
				MTL_FAST_MATH = YES;
				ONLY_ACTIVE_ARCH = YES;
				SDKROOT = iphoneos;
				SWIFT_ACTIVE_COMPILATION_CONDITIONS = DEBUG;
				SWIFT_OPTIMIZATION_LEVEL = "-Onone";
			};
			name = Debug;
		};
		FBFEB2B3244215CD00B4326D /* Release */ = {
			isa = XCBuildConfiguration;
			buildSettings = {
				ALWAYS_SEARCH_USER_PATHS = NO;
				CLANG_ANALYZER_NONNULL = YES;
				CLANG_ANALYZER_NUMBER_OBJECT_CONVERSION = YES_AGGRESSIVE;
				CLANG_CXX_LANGUAGE_STANDARD = "gnu++14";
				CLANG_CXX_LIBRARY = "libc++";
				CLANG_ENABLE_MODULES = YES;
				CLANG_ENABLE_OBJC_ARC = YES;
				CLANG_ENABLE_OBJC_WEAK = YES;
				CLANG_WARN_BLOCK_CAPTURE_AUTORELEASING = YES;
				CLANG_WARN_BOOL_CONVERSION = YES;
				CLANG_WARN_COMMA = YES;
				CLANG_WARN_CONSTANT_CONVERSION = YES;
				CLANG_WARN_DEPRECATED_OBJC_IMPLEMENTATIONS = YES;
				CLANG_WARN_DIRECT_OBJC_ISA_USAGE = YES_ERROR;
				CLANG_WARN_DOCUMENTATION_COMMENTS = YES;
				CLANG_WARN_EMPTY_BODY = YES;
				CLANG_WARN_ENUM_CONVERSION = YES;
				CLANG_WARN_INFINITE_RECURSION = YES;
				CLANG_WARN_INT_CONVERSION = YES;
				CLANG_WARN_NON_LITERAL_NULL_CONVERSION = YES;
				CLANG_WARN_OBJC_IMPLICIT_RETAIN_SELF = YES;
				CLANG_WARN_OBJC_LITERAL_CONVERSION = YES;
				CLANG_WARN_OBJC_ROOT_CLASS = YES_ERROR;
				CLANG_WARN_RANGE_LOOP_ANALYSIS = YES;
				CLANG_WARN_STRICT_PROTOTYPES = YES;
				CLANG_WARN_SUSPICIOUS_MOVE = YES;
				CLANG_WARN_UNGUARDED_AVAILABILITY = YES_AGGRESSIVE;
				CLANG_WARN_UNREACHABLE_CODE = YES;
				CLANG_WARN__DUPLICATE_METHOD_MATCH = YES;
				COPY_PHASE_STRIP = NO;
				DEBUG_INFORMATION_FORMAT = "dwarf-with-dsym";
				ENABLE_NS_ASSERTIONS = NO;
				ENABLE_STRICT_OBJC_MSGSEND = YES;
				GCC_C_LANGUAGE_STANDARD = gnu11;
				GCC_NO_COMMON_BLOCKS = YES;
				GCC_WARN_64_TO_32_BIT_CONVERSION = YES;
				GCC_WARN_ABOUT_RETURN_TYPE = YES_ERROR;
				GCC_WARN_UNDECLARED_SELECTOR = YES;
				GCC_WARN_UNINITIALIZED_AUTOS = YES_AGGRESSIVE;
				GCC_WARN_UNUSED_FUNCTION = YES;
				GCC_WARN_UNUSED_VARIABLE = YES;
				IPHONEOS_DEPLOYMENT_TARGET = 13.4;
				MTL_ENABLE_DEBUG_INFO = NO;
				MTL_FAST_MATH = YES;
				SDKROOT = iphoneos;
				SWIFT_COMPILATION_MODE = wholemodule;
				SWIFT_OPTIMIZATION_LEVEL = "-O";
				VALIDATE_PRODUCT = YES;
			};
			name = Release;
		};
		FBFEB2B5244215CD00B4326D /* Debug */ = {
			isa = XCBuildConfiguration;
			buildSettings = {
				ASSETCATALOG_COMPILER_APPICON_NAME = AppIcon;
				CODE_SIGN_STYLE = Automatic;
				DEVELOPMENT_TEAM = FPK6CV5272;
				INFOPLIST_FILE = "Your Body Workout/Info.plist";
				LD_RUNPATH_SEARCH_PATHS = (
					"$(inherited)",
					"@executable_path/Frameworks",
				);
				PRODUCT_BUNDLE_IDENTIFIER = "com.kyssamajeanmartin.Your-Body-Workout";
				PRODUCT_NAME = "$(TARGET_NAME)";
				SWIFT_VERSION = 5.0;
				TARGETED_DEVICE_FAMILY = "1,2";
			};
			name = Debug;
		};
		FBFEB2B6244215CD00B4326D /* Release */ = {
			isa = XCBuildConfiguration;
			buildSettings = {
				ASSETCATALOG_COMPILER_APPICON_NAME = AppIcon;
				CODE_SIGN_STYLE = Automatic;
				DEVELOPMENT_TEAM = FPK6CV5272;
				INFOPLIST_FILE = "Your Body Workout/Info.plist";
				LD_RUNPATH_SEARCH_PATHS = (
					"$(inherited)",
					"@executable_path/Frameworks",
				);
				PRODUCT_BUNDLE_IDENTIFIER = "com.kyssamajeanmartin.Your-Body-Workout";
				PRODUCT_NAME = "$(TARGET_NAME)";
				SWIFT_VERSION = 5.0;
				TARGETED_DEVICE_FAMILY = "1,2";
			};
			name = Release;
		};
/* End XCBuildConfiguration section */

/* Begin XCConfigurationList section */
		FBFEB29B244215CB00B4326D /* Build configuration list for PBXProject "Your Body Workout" */ = {
			isa = XCConfigurationList;
			buildConfigurations = (
				FBFEB2B2244215CD00B4326D /* Debug */,
				FBFEB2B3244215CD00B4326D /* Release */,
			);
			defaultConfigurationIsVisible = 0;
			defaultConfigurationName = Release;
		};
		FBFEB2B4244215CD00B4326D /* Build configuration list for PBXNativeTarget "Your Body Workout" */ = {
			isa = XCConfigurationList;
			buildConfigurations = (
				FBFEB2B5244215CD00B4326D /* Debug */,
				FBFEB2B6244215CD00B4326D /* Release */,
			);
			defaultConfigurationIsVisible = 0;
			defaultConfigurationName = Release;
		};
/* End XCConfigurationList section */
	};
	rootObject = FBFEB298244215CB00B4326D /* Project object */;
}
